<?xml version="1.0" encoding="utf-8"?>
<Project ToolsVersion="4.0" xmlns="http://schemas.microsoft.com/developer/msbuild/2003">
  <ItemGroup>
    <ClCompile Include="3RDE.cpp">
      <Filter>Engine</Filter>
    </ClCompile>
    <ClCompile Include="Engine.cpp">
      <Filter>Engine</Filter>
    </ClCompile>
    <ClCompile Include="Math.cpp">
      <Filter>Engine</Filter>
    </ClCompile>
    <ClCompile Include="PlatformWin.cpp">
      <Filter>Engine</Filter>
    </ClCompile>
    <ClCompile Include="Scripts.cpp">
      <Filter>Engine</Filter>
    </ClCompile>
    <ClCompile Include="File.cpp">
      <Filter>Engine</Filter>
    </ClCompile>
  </ItemGroup>
  <ItemGroup>
    <ClInclude Include="..\include\3RDMath.h">
      <Filter>Export</Filter>
    </ClInclude>
    <ClInclude Include="..\include\3RDE.h">
      <Filter>Export</Filter>
    </ClInclude>
    <ClInclude Include="Engine.h">
      <Filter>Engine</Filter>
    </ClInclude>
    <ClInclude Include="Interfaces.h">
      <Filter>Engine</Filter>
    </ClInclude>
    <ClInclude Include="PlatformWin.h">
      <Filter>Engine</Filter>
    </ClInclude>
    <ClInclude Include="Scripts.h">
      <Filter>Engine</Filter>
    </ClInclude>
    <ClInclude Include="File.h">
      <Filter>Engine</Filter>
    </ClInclude>
  </ItemGroup>
  <ItemGroup>
    <Filter Include="Export">
      <UniqueIdentifier>{481dd68f-a2e3-4d0b-9f3e-ba4169f6f24e}</UniqueIdentifier>
    </Filter>
    <Filter Include="Engine">
      <UniqueIdentifier>{ea2424af-316b-4526-9076-f7952cd6f34f}</UniqueIdentifier>
    </Filter>
  </ItemGroup>
</Project>