<?xml version="1.0" encoding="utf-8"?>
<Project ToolsVersion="4.0" xmlns="http://schemas.microsoft.com/developer/msbuild/2003">
  <ItemGroup>
    <ClCompile Include="3RDE.cpp">
      <Filter>Engine</Filter>
    </ClCompile>
    <ClCompile Include="Scripts.cpp">
      <Filter>Исходные файлы</Filter>
    </ClCompile>
    <ClCompile Include="Engine.cpp">
      <Filter>Engine</Filter>
    </ClCompile>
    <ClCompile Include="Math.cpp">
      <Filter>Engine</Filter>
    </ClCompile>
    <ClCompile Include="PlatformWin.cpp" />
  </ItemGroup>
  <ItemGroup>
    <ClInclude Include="..\include\3RDMath.h">
      <Filter>Export</Filter>
    </ClInclude>
    <ClInclude Include="..\include\3RDE.h">
      <Filter>Export</Filter>
    </ClInclude>
    <ClInclude Include="Scripts.h">
      <Filter>Файлы заголовков</Filter>
    </ClInclude>
    <ClInclude Include="Engine.h">
      <Filter>Файлы заголовков</Filter>
    </ClInclude>
    <ClInclude Include="Interfaces.h">
      <Filter>Файлы заголовков</Filter>
    </ClInclude>
    <ClInclude Include="PlatformWin.h" />
  </ItemGroup>
  <ItemGroup>
    <Filter Include="Исходные файлы">
      <UniqueIdentifier>{2552ffad-0447-4329-9268-1976e65e8ff0}</UniqueIdentifier>
    </Filter>
    <Filter Include="Файлы заголовков">
      <UniqueIdentifier>{113e0f14-8384-4f1a-b4e6-63fff77a0138}</UniqueIdentifier>
    </Filter>
    <Filter Include="Export">
      <UniqueIdentifier>{481dd68f-a2e3-4d0b-9f3e-ba4169f6f24e}</UniqueIdentifier>
    </Filter>
    <Filter Include="Engine">
      <UniqueIdentifier>{ea2424af-316b-4526-9076-f7952cd6f34f}</UniqueIdentifier>
    </Filter>
  </ItemGroup>
</Project>